
Microsoft Visual Studio Solution File, Format Version 12.00
# Visual Studio Version 17
VisualStudioVersion = 17.5.33424.131
MinimumVisualStudioVersion = 10.0.40219.1
Project("{8BC9CEB8-8B4A-11D0-8D11-00A0C91BC942}") = "ActivityStructure_175", "ActivityStructure_175\ActivityStructure_175.vcxproj", "{29CBA1A9-BB37-40EF-A089-39AB6703367C}"
EndProject
Project("{8BC9CEB8-8B4A-11D0-8D11-00A0C91BC942}") = "ActivityStructure2_175", "ActivityStructure2_175\ActivityStructure2_175.vcxproj", "{B2E5339A-3A7E-4F96-BDD9-EA811FAC9415}"
EndProject
Global
	GlobalSection(SolutionConfigurationPlatforms) = preSolution
		Debug|x64 = Debug|x64
		Debug|x86 = Debug|x86
		Release|x64 = Release|x64
		Release|x86 = Release|x86
	EndGlobalSection
	GlobalSection(ProjectConfigurationPlatforms) = postSolution
		{29CBA1A9-BB37-40EF-A089-39AB6703367C}.Debug|x64.ActiveCfg = Debug|x64
		{29CBA1A9-BB37-40EF-A089-39AB6703367C}.Debug|x64.Build.0 = Debug|x64
		{29CBA1A9-BB37-40EF-A089-39AB6703367C}.Debug|x86.ActiveCfg = Debug|Win32
		{29CBA1A9-BB37-40EF-A089-39AB6703367C}.Debug|x86.Build.0 = Debug|Win32
		{29CBA1A9-BB37-40EF-A089-39AB6703367C}.Release|x64.ActiveCfg = Release|x64
		{29CBA1A9-BB37-40EF-A089-39AB6703367C}.Release|x64.Build.0 = Release|x64
		{29CBA1A9-BB37-40EF-A089-39AB6703367C}.Release|x86.ActiveCfg = Release|Win32
		{29CBA1A9-BB37-40EF-A089-39AB6703367C}.Release|x86.Build.0 = Release|Win32
		{B2E5339A-3A7E-4F96-BDD9-EA811FAC9415}.Debug|x64.ActiveCfg = Debug|x64
		{B2E5339A-3A7E-4F96-BDD9-EA811FAC9415}.Debug|x64.Build.0 = Debug|x64
		{B2E5339A-3A7E-4F96-BDD9-EA811FAC9415}.Debug|x86.ActiveCfg = Debug|Win32
		{B2E5339A-3A7E-4F96-BDD9-EA811FAC9415}.Debug|x86.Build.0 = Debug|Win32
		{B2E5339A-3A7E-4F96-BDD9-EA811FAC9415}.Release|x64.ActiveCfg = Release|x64
		{B2E5339A-3A7E-4F96-BDD9-EA811FAC9415}.Release|x64.Build.0 = Release|x64
		{B2E5339A-3A7E-4F96-BDD9-EA811FAC9415}.Release|x86.ActiveCfg = Release|Win32
		{B2E5339A-3A7E-4F96-BDD9-EA811FAC9415}.Release|x86.Build.0 = Release|Win32
	EndGlobalSection
	GlobalSection(SolutionProperties) = preSolution
		HideSolutionNode = FALSE
	EndGlobalSection
	GlobalSection(ExtensibilityGlobals) = postSolution
		SolutionGuid = {EDB0579F-617B-4E59-BDF5-5E1235A3E8B1}
	EndGlobalSection
EndGlobal
